
Microsoft Visual Studio Solution File, Format Version 12.00
# Visual Studio Version 17
VisualStudioVersion = 17.2.32317.152
MinimumVisualStudioVersion = 10.0.40219.1
Project("{FAE04EC0-301F-11D3-BF4B-00C04F79EFBC}") = "MystifySharp", "MystifySharp\MystifySharp.csproj", "{0CB00EA9-0B9D-4807-A731-89A686D29C32}"
EndProject
Global
	GlobalSection(SolutionConfigurationPlatforms) = preSolution
		Debug|Any CPU = Debug|Any CPU
		Release|Any CPU = Release|Any CPU
	EndGlobalSection
	GlobalSection(ProjectConfigurationPlatforms) = postSolution
		{0CB00EA9-0B9D-4807-A731-89A686D29C32}.Debug|Any CPU.ActiveCfg = Debug|Any CPU
		{0CB00EA9-0B9D-4807-A731-89A686D29C32}.Debug|Any CPU.Build.0 = Debug|Any CPU
		{0CB00EA9-0B9D-4807-A731-89A686D29C32}.Release|Any CPU.ActiveCfg = Release|Any CPU
		{0CB00EA9-0B9D-4807-A731-89A686D29C32}.Release|Any CPU.Build.0 = Release|Any CPU
	EndGlobalSection
	GlobalSection(SolutionProperties) = preSolution
		HideSolutionNode = FALSE
	EndGlobalSection
	GlobalSection(ExtensibilityGlobals) = postSolution
		SolutionGuid = {CB19A25F-47CD-4B5E-B6C5-6147E0AD5B1C}
	EndGlobalSection
EndGlobal
